// !$*UTF8*$!
{
	archiveVersion = 1;
	classes = {
	};
	objectVersion = 46;
	objects = {

/* Begin PBXBuildFile section */
		CE343F2C147E8B1B006E93E6 /* bluecirclewhite.png in Resources */ = {isa = PBXBuildFile; fileRef = CE343F2A147E8B1B006E93E6 /* bluecirclewhite.png */; };
		CE343F2D147E8B1B006E93E6 /* redbox.png in Resources */ = {isa = PBXBuildFile; fileRef = CE343F2B147E8B1B006E93E6 /* redbox.png */; };
		CE8C241E1474C8C800815285 /* UIKit.framework in Frameworks */ = {isa = PBXBuildFile; fileRef = CE8C241D1474C8C800815285 /* UIKit.framework */; };
		CE8C24201474C8C800815285 /* Foundation.framework in Frameworks */ = {isa = PBXBuildFile; fileRef = CE8C241F1474C8C800815285 /* Foundation.framework */; };
		CE8C24221474C8C800815285 /* CoreGraphics.framework in Frameworks */ = {isa = PBXBuildFile; fileRef = CE8C24211474C8C800815285 /* CoreGraphics.framework */; };
		CE8C24281474C8C800815285 /* InfoPlist.strings in Resources */ = {isa = PBXBuildFile; fileRef = CE8C24261474C8C800815285 /* InfoPlist.strings */; };
		CE8C242B1474C8C800815285 /* main.m in Sources */ = {isa = PBXBuildFile; fileRef = CE8C242A1474C8C800815285 /* main.m */; };
		CE8C242E1474C8C800815285 /* XMLUIGeneratorTestAppDelegate.m in Sources */ = {isa = PBXBuildFile; fileRef = CE8C242D1474C8C800815285 /* XMLUIGeneratorTestAppDelegate.m */; };
		CE8C24311474C8C800815285 /* MainWindow.xib in Resources */ = {isa = PBXBuildFile; fileRef = CE8C242F1474C8C800815285 /* MainWindow.xib */; };
		CE8C243A1474C8F300815285 /* FirstUIViewController.m in Sources */ = {isa = PBXBuildFile; fileRef = CE8C24381474C8F300815285 /* FirstUIViewController.m */; };
		CE8C243B1474C8F300815285 /* FirstUIViewController.xib in Resources */ = {isa = PBXBuildFile; fileRef = CE8C24391474C8F300815285 /* FirstUIViewController.xib */; };
		CE8C243E1474CD5F00815285 /* uitest.xml in Resources */ = {isa = PBXBuildFile; fileRef = CE8C243D1474CD5F00815285 /* uitest.xml */; };
		CE8C24471475AED400815285 /* libz.dylib in Frameworks */ = {isa = PBXBuildFile; fileRef = CE8C24461475AED400815285 /* libz.dylib */; };
		CE9357BF147E4A8100EC075F /* Context.m in Sources */ = {isa = PBXBuildFile; fileRef = CE9357B7147E4A8100EC075F /* Context.m */; };
		CE9357C0147E4A8100EC075F /* ParsedElement.m in Sources */ = {isa = PBXBuildFile; fileRef = CE9357B9147E4A8100EC075F /* ParsedElement.m */; };
		CE9357C1147E4A8100EC075F /* NSDataAdditions.m in Sources */ = {isa = PBXBuildFile; fileRef = CE9357BC147E4A8100EC075F /* NSDataAdditions.m */; };
		CE9357C2147E4A8100EC075F /* TBXML.m in Sources */ = {isa = PBXBuildFile; fileRef = CE9357BE147E4A8100EC075F /* TBXML.m */; };
/* End PBXBuildFile section */

/* Begin PBXFileReference section */
		CE343F2A147E8B1B006E93E6 /* bluecirclewhite.png */ = {isa = PBXFileReference; lastKnownFileType = image.png; name = bluecirclewhite.png; path = Resources/images/bluecirclewhite.png; sourceTree = SOURCE_ROOT; };
		CE343F2B147E8B1B006E93E6 /* redbox.png */ = {isa = PBXFileReference; lastKnownFileType = image.png; name = redbox.png; path = Resources/images/redbox.png; sourceTree = SOURCE_ROOT; };
		CE8C24191474C8C800815285 /* XMLUIGeneratorTest.app */ = {isa = PBXFileReference; explicitFileType = wrapper.application; includeInIndex = 0; path = XMLUIGeneratorTest.app; sourceTree = BUILT_PRODUCTS_DIR; };
		CE8C241D1474C8C800815285 /* UIKit.framework */ = {isa = PBXFileReference; lastKnownFileType = wrapper.framework; name = UIKit.framework; path = System/Library/Frameworks/UIKit.framework; sourceTree = SDKROOT; };
		CE8C241F1474C8C800815285 /* Foundation.framework */ = {isa = PBXFileReference; lastKnownFileType = wrapper.framework; name = Foundation.framework; path = System/Library/Frameworks/Foundation.framework; sourceTree = SDKROOT; };
		CE8C24211474C8C800815285 /* CoreGraphics.framework */ = {isa = PBXFileReference; lastKnownFileType = wrapper.framework; name = CoreGraphics.framework; path = System/Library/Frameworks/CoreGraphics.framework; sourceTree = SDKROOT; };
		CE8C24251474C8C800815285 /* XMLUIGeneratorTest-Info.plist */ = {isa = PBXFileReference; lastKnownFileType = text.plist.xml; path = "XMLUIGeneratorTest-Info.plist"; sourceTree = "<group>"; };
		CE8C24271474C8C800815285 /* en */ = {isa = PBXFileReference; lastKnownFileType = text.plist.strings; name = en; path = en.lproj/InfoPlist.strings; sourceTree = "<group>"; };
		CE8C24291474C8C800815285 /* XMLUIGeneratorTest-Prefix.pch */ = {isa = PBXFileReference; lastKnownFileType = sourcecode.c.h; path = "XMLUIGeneratorTest-Prefix.pch"; sourceTree = "<group>"; };
		CE8C242A1474C8C800815285 /* main.m */ = {isa = PBXFileReference; lastKnownFileType = sourcecode.c.objc; path = main.m; sourceTree = "<group>"; };
		CE8C242C1474C8C800815285 /* XMLUIGeneratorTestAppDelegate.h */ = {isa = PBXFileReference; lastKnownFileType = sourcecode.c.h; path = XMLUIGeneratorTestAppDelegate.h; sourceTree = "<group>"; };
		CE8C242D1474C8C800815285 /* XMLUIGeneratorTestAppDelegate.m */ = {isa = PBXFileReference; lastKnownFileType = sourcecode.c.objc; path = XMLUIGeneratorTestAppDelegate.m; sourceTree = "<group>"; };
		CE8C24301474C8C800815285 /* en */ = {isa = PBXFileReference; lastKnownFileType = file.xib; name = en; path = en.lproj/MainWindow.xib; sourceTree = "<group>"; };
		CE8C24371474C8F300815285 /* FirstUIViewController.h */ = {isa = PBXFileReference; fileEncoding = 4; lastKnownFileType = sourcecode.c.h; name = FirstUIViewController.h; path = ../FirstUIViewController.h; sourceTree = "<group>"; };
		CE8C24381474C8F300815285 /* FirstUIViewController.m */ = {isa = PBXFileReference; fileEncoding = 4; lastKnownFileType = sourcecode.c.objc; name = FirstUIViewController.m; path = ../FirstUIViewController.m; sourceTree = "<group>"; };
		CE8C24391474C8F300815285 /* FirstUIViewController.xib */ = {isa = PBXFileReference; fileEncoding = 4; lastKnownFileType = file.xib; name = FirstUIViewController.xib; path = ../FirstUIViewController.xib; sourceTree = "<group>"; };
		CE8C243D1474CD5F00815285 /* uitest.xml */ = {isa = PBXFileReference; fileEncoding = 4; lastKnownFileType = text.xml; name = uitest.xml; path = Resources/uitest.xml; sourceTree = SOURCE_ROOT; };
		CE8C24461475AED400815285 /* libz.dylib */ = {isa = PBXFileReference; lastKnownFileType = "compiled.mach-o.dylib"; name = libz.dylib; path = usr/lib/libz.dylib; sourceTree = SDKROOT; };
		CE9357B6147E4A8100EC075F /* Context.h */ = {isa = PBXFileReference; fileEncoding = 4; lastKnownFileType = sourcecode.c.h; name = Context.h; path = ContextGenerator/Context.h; sourceTree = SOURCE_ROOT; };
		CE9357B7147E4A8100EC075F /* Context.m */ = {isa = PBXFileReference; fileEncoding = 4; lastKnownFileType = sourcecode.c.objc; name = Context.m; path = ContextGenerator/Context.m; sourceTree = SOURCE_ROOT; };
		CE9357B8147E4A8100EC075F /* ParsedElement.h */ = {isa = PBXFileReference; fileEncoding = 4; lastKnownFileType = sourcecode.c.h; name = ParsedElement.h; path = ContextGenerator/ParsedElement.h; sourceTree = SOURCE_ROOT; };
		CE9357B9147E4A8100EC075F /* ParsedElement.m */ = {isa = PBXFileReference; fileEncoding = 4; lastKnownFileType = sourcecode.c.objc; name = ParsedElement.m; path = ContextGenerator/ParsedElement.m; sourceTree = SOURCE_ROOT; };
		CE9357BB147E4A8100EC075F /* NSDataAdditions.h */ = {isa = PBXFileReference; fileEncoding = 4; lastKnownFileType = sourcecode.c.h; path = NSDataAdditions.h; sourceTree = "<group>"; };
		CE9357BC147E4A8100EC075F /* NSDataAdditions.m */ = {isa = PBXFileReference; fileEncoding = 4; lastKnownFileType = sourcecode.c.objc; path = NSDataAdditions.m; sourceTree = "<group>"; };
		CE9357BD147E4A8100EC075F /* TBXML.h */ = {isa = PBXFileReference; fileEncoding = 4; lastKnownFileType = sourcecode.c.h; path = TBXML.h; sourceTree = "<group>"; };
		CE9357BE147E4A8100EC075F /* TBXML.m */ = {isa = PBXFileReference; fileEncoding = 4; lastKnownFileType = sourcecode.c.objc; path = TBXML.m; sourceTree = "<group>"; };
/* End PBXFileReference section */

/* Begin PBXFrameworksBuildPhase section */
		CE8C24161474C8C800815285 /* Frameworks */ = {
			isa = PBXFrameworksBuildPhase;
			buildActionMask = 2147483647;
			files = (
				CE8C24471475AED400815285 /* libz.dylib in Frameworks */,
				CE8C241E1474C8C800815285 /* UIKit.framework in Frameworks */,
				CE8C24201474C8C800815285 /* Foundation.framework in Frameworks */,
				CE8C24221474C8C800815285 /* CoreGraphics.framework in Frameworks */,
			);
			runOnlyForDeploymentPostprocessing = 0;
		};
/* End PBXFrameworksBuildPhase section */

/* Begin PBXGroup section */
		CE343F28147E8ADE006E93E6 /* images */ = {
			isa = PBXGroup;
			children = (
				CE343F2A147E8B1B006E93E6 /* bluecirclewhite.png */,
				CE343F2B147E8B1B006E93E6 /* redbox.png */,
			);
			name = images;
			sourceTree = "<group>";
		};
		CE8C240E1474C8C800815285 = {
			isa = PBXGroup;
			children = (
				CE8C24461475AED400815285 /* libz.dylib */,
				CE8C24231474C8C800815285 /* XMLUIGeneratorTest */,
				CE8C241C1474C8C800815285 /* Frameworks */,
				CE8C241A1474C8C800815285 /* Products */,
			);
			sourceTree = "<group>";
		};
		CE8C241A1474C8C800815285 /* Products */ = {
			isa = PBXGroup;
			children = (
				CE8C24191474C8C800815285 /* XMLUIGeneratorTest.app */,
			);
			name = Products;
			sourceTree = "<group>";
		};
		CE8C241C1474C8C800815285 /* Frameworks */ = {
			isa = PBXGroup;
			children = (
				CE8C241D1474C8C800815285 /* UIKit.framework */,
				CE8C241F1474C8C800815285 /* Foundation.framework */,
				CE8C24211474C8C800815285 /* CoreGraphics.framework */,
			);
			name = Frameworks;
			sourceTree = "<group>";
		};
		CE8C24231474C8C800815285 /* XMLUIGeneratorTest */ = {
			isa = PBXGroup;
			children = (
				CE8C242C1474C8C800815285 /* XMLUIGeneratorTestAppDelegate.h */,
				CE8C242D1474C8C800815285 /* XMLUIGeneratorTestAppDelegate.m */,
				CE8C242F1474C8C800815285 /* MainWindow.xib */,
				CE8C24371474C8F300815285 /* FirstUIViewController.h */,
				CE8C24381474C8F300815285 /* FirstUIViewController.m */,
				CE8C24391474C8F300815285 /* FirstUIViewController.xib */,
				CE8FAE67147925E70014C91C /* ContextGenerator */,
				CE8C243C1474CB0A00815285 /* Resources */,
				CE8C24241474C8C800815285 /* Supporting Files */,
			);
			path = XMLUIGeneratorTest;
			sourceTree = "<group>";
		};
		CE8C24241474C8C800815285 /* Supporting Files */ = {
			isa = PBXGroup;
			children = (
				CE8C24251474C8C800815285 /* XMLUIGeneratorTest-Info.plist */,
				CE8C24261474C8C800815285 /* InfoPlist.strings */,
				CE8C24291474C8C800815285 /* XMLUIGeneratorTest-Prefix.pch */,
				CE8C242A1474C8C800815285 /* main.m */,
			);
			name = "Supporting Files";
			sourceTree = "<group>";
		};
		CE8C243C1474CB0A00815285 /* Resources */ = {
			isa = PBXGroup;
			children = (
				CE343F28147E8ADE006E93E6 /* images */,
				CE8C243D1474CD5F00815285 /* uitest.xml */,
			);
			name = Resources;
			sourceTree = "<group>";
		};
		CE8FAE67147925E70014C91C /* ContextGenerator */ = {
			isa = PBXGroup;
			children = (
				CE9357B6147E4A8100EC075F /* Context.h */,
				CE9357B7147E4A8100EC075F /* Context.m */,
				CE9357B8147E4A8100EC075F /* ParsedElement.h */,
				CE9357B9147E4A8100EC075F /* ParsedElement.m */,
				CE9357BA147E4A8100EC075F /* TBXML */,
			);
			name = ContextGenerator;
			sourceTree = "<group>";
		};
		CE9357BA147E4A8100EC075F /* TBXML */ = {
			isa = PBXGroup;
			children = (
				CE9357BB147E4A8100EC075F /* NSDataAdditions.h */,
				CE9357BC147E4A8100EC075F /* NSDataAdditions.m */,
				CE9357BD147E4A8100EC075F /* TBXML.h */,
				CE9357BE147E4A8100EC075F /* TBXML.m */,
			);
			name = TBXML;
			path = ContextGenerator/TBXML;
			sourceTree = SOURCE_ROOT;
		};
/* End PBXGroup section */

/* Begin PBXNativeTarget section */
		CE8C24181474C8C800815285 /* XMLUIGeneratorTest */ = {
			isa = PBXNativeTarget;
			buildConfigurationList = CE8C24341474C8C800815285 /* Build configuration list for PBXNativeTarget "XMLUIGeneratorTest" */;
			buildPhases = (
				CE8C24151474C8C800815285 /* Sources */,
				CE8C24161474C8C800815285 /* Frameworks */,
				CE8C24171474C8C800815285 /* Resources */,
			);
			buildRules = (
			);
			dependencies = (
			);
			name = XMLUIGeneratorTest;
			productName = XMLUIGeneratorTest;
			productReference = CE8C24191474C8C800815285 /* XMLUIGeneratorTest.app */;
			productType = "com.apple.product-type.application";
		};
/* End PBXNativeTarget section */

/* Begin PBXProject section */
		CE8C24101474C8C800815285 /* Project object */ = {
			isa = PBXProject;
			buildConfigurationList = CE8C24131474C8C800815285 /* Build configuration list for PBXProject "XMLUIGeneratorTest" */;
			compatibilityVersion = "Xcode 3.2";
			developmentRegion = English;
			hasScannedForEncodings = 0;
			knownRegions = (
				en,
			);
			mainGroup = CE8C240E1474C8C800815285;
			productRefGroup = CE8C241A1474C8C800815285 /* Products */;
			projectDirPath = "";
			projectRoot = "";
			targets = (
				CE8C24181474C8C800815285 /* XMLUIGeneratorTest */,
			);
		};
/* End PBXProject section */

/* Begin PBXResourcesBuildPhase section */
		CE8C24171474C8C800815285 /* Resources */ = {
			isa = PBXResourcesBuildPhase;
			buildActionMask = 2147483647;
			files = (
				CE8C24281474C8C800815285 /* InfoPlist.strings in Resources */,
				CE8C24311474C8C800815285 /* MainWindow.xib in Resources */,
				CE8C243B1474C8F300815285 /* FirstUIViewController.xib in Resources */,
				CE8C243E1474CD5F00815285 /* uitest.xml in Resources */,
				CE343F2C147E8B1B006E93E6 /* bluecirclewhite.png in Resources */,
				CE343F2D147E8B1B006E93E6 /* redbox.png in Resources */,
			);
			runOnlyForDeploymentPostprocessing = 0;
		};
/* End PBXResourcesBuildPhase section */

/* Begin PBXSourcesBuildPhase section */
		CE8C24151474C8C800815285 /* Sources */ = {
			isa = PBXSourcesBuildPhase;
			buildActionMask = 2147483647;
			files = (
				CE8C242B1474C8C800815285 /* main.m in Sources */,
				CE8C242E1474C8C800815285 /* XMLUIGeneratorTestAppDelegate.m in Sources */,
				CE8C243A1474C8F300815285 /* FirstUIViewController.m in Sources */,
				CE9357BF147E4A8100EC075F /* Context.m in Sources */,
				CE9357C0147E4A8100EC075F /* ParsedElement.m in Sources */,
				CE9357C1147E4A8100EC075F /* NSDataAdditions.m in Sources */,
				CE9357C2147E4A8100EC075F /* TBXML.m in Sources */,
			);
			runOnlyForDeploymentPostprocessing = 0;
		};
/* End PBXSourcesBuildPhase section */

/* Begin PBXVariantGroup section */
		CE8C24261474C8C800815285 /* InfoPlist.strings */ = {
			isa = PBXVariantGroup;
			children = (
				CE8C24271474C8C800815285 /* en */,
			);
			name = InfoPlist.strings;
			sourceTree = "<group>";
		};
		CE8C242F1474C8C800815285 /* MainWindow.xib */ = {
			isa = PBXVariantGroup;
			children = (
				CE8C24301474C8C800815285 /* en */,
			);
			name = MainWindow.xib;
			sourceTree = "<group>";
		};
/* End PBXVariantGroup section */

/* Begin XCBuildConfiguration section */
		CE8C24321474C8C800815285 /* Debug */ = {
			isa = XCBuildConfiguration;
			buildSettings = {
				ARCHS = "$(ARCHS_STANDARD_32_BIT)";
				"CODE_SIGN_IDENTITY[sdk=iphoneos*]" = "iPhone Developer";
				GCC_C_LANGUAGE_STANDARD = gnu99;
				GCC_OPTIMIZATION_LEVEL = 0;
				GCC_PREPROCESSOR_DEFINITIONS = DEBUG;
				GCC_SYMBOLS_PRIVATE_EXTERN = NO;
				GCC_VERSION = com.apple.compilers.llvmgcc42;
				GCC_WARN_ABOUT_RETURN_TYPE = YES;
				GCC_WARN_UNUSED_VARIABLE = YES;
				IPHONEOS_DEPLOYMENT_TARGET = 4.3;
				SDKROOT = iphoneos;
			};
			name = Debug;
		};
		CE8C24331474C8C800815285 /* Release */ = {
			isa = XCBuildConfiguration;
			buildSettings = {
				ARCHS = "$(ARCHS_STANDARD_32_BIT)";
				"CODE_SIGN_IDENTITY[sdk=iphoneos*]" = "iPhone Developer";
				GCC_C_LANGUAGE_STANDARD = gnu99;
				GCC_VERSION = com.apple.compilers.llvmgcc42;
				GCC_WARN_ABOUT_RETURN_TYPE = YES;
				GCC_WARN_UNUSED_VARIABLE = YES;
				IPHONEOS_DEPLOYMENT_TARGET = 4.3;
				OTHER_CFLAGS = "-DNS_BLOCK_ASSERTIONS=1";
				SDKROOT = iphoneos;
			};
			name = Release;
		};
		CE8C24351474C8C800815285 /* Debug */ = {
			isa = XCBuildConfiguration;
			buildSettings = {
				ALWAYS_SEARCH_USER_PATHS = NO;
				COPY_PHASE_STRIP = NO;
				GCC_DYNAMIC_NO_PIC = NO;
				GCC_PRECOMPILE_PREFIX_HEADER = YES;
				GCC_PREFIX_HEADER = "XMLUIGeneratorTest/XMLUIGeneratorTest-Prefix.pch";
				INFOPLIST_FILE = "XMLUIGeneratorTest/XMLUIGeneratorTest-Info.plist";
				PRODUCT_NAME = "$(TARGET_NAME)";
				WRAPPER_EXTENSION = app;
			};
			name = Debug;
		};
		CE8C24361474C8C800815285 /* Release */ = {
			isa = XCBuildConfiguration;
			buildSettings = {
				ALWAYS_SEARCH_USER_PATHS = NO;
				COPY_PHASE_STRIP = YES;
				GCC_PRECOMPILE_PREFIX_HEADER = YES;
				GCC_PREFIX_HEADER = "XMLUIGeneratorTest/XMLUIGeneratorTest-Prefix.pch";
				INFOPLIST_FILE = "XMLUIGeneratorTest/XMLUIGeneratorTest-Info.plist";
				PRODUCT_NAME = "$(TARGET_NAME)";
				VALIDATE_PRODUCT = YES;
				WRAPPER_EXTENSION = app;
			};
			name = Release;
		};
/* End XCBuildConfiguration section */

/* Begin XCConfigurationList section */
		CE8C24131474C8C800815285 /* Build configuration list for PBXProject "XMLUIGeneratorTest" */ = {
			isa = XCConfigurationList;
			buildConfigurations = (
				CE8C24321474C8C800815285 /* Debug */,
				CE8C24331474C8C800815285 /* Release */,
			);
			defaultConfigurationIsVisible = 0;
			defaultConfigurationName = Release;
		};
		CE8C24341474C8C800815285 /* Build configuration list for PBXNativeTarget "XMLUIGeneratorTest" */ = {
			isa = XCConfigurationList;
			buildConfigurations = (
				CE8C24351474C8C800815285 /* Debug */,
				CE8C24361474C8C800815285 /* Release */,
			);
			defaultConfigurationIsVisible = 0;
			defaultConfigurationName = Release;
		};
/* End XCConfigurationList section */
	};
	rootObject = CE8C24101474C8C800815285 /* Project object */;
}
